{
  "name": "xero-inbound-email",
  "lockfileVersion": 3,
  "requires": true,
  "packages": {
    "": {
      "name": "xero-inbound-email",
      "dependencies": {
        "postal-mime": "^2.4.3"
      }
    },
    "node_modules/postal-mime": {
      "version": "2.7.4",
      "resolved": "https://registry.npmjs.org/postal-mime/-/postal-mime-2.7.4.tgz",
      "integrity": "sha512-0WdnFQYUrPGGTFu1uOqD2s7omwua8xaeYGdO6rb88oD5yJ/4pPHDA4sdWqfD8wQVfCny563n/HQS7zTFft+f/g==",
      "license": "MIT-0"
    }
  }
}
